{
    "_meta": {
        "hash": {
            "sha256": "83252335fd3d99f1595109f2a59a6ca434acb69cef1821603373cb0a61c2974c"
        },
        "pipfile-spec": 6,
        "requires": {
            "python_version": "3.9"
        },
        "sources": [
            {
                "name": "pypi",
                "url": "https://pypi.org/simple",
                "verify_ssl": true
            }
        ]
    },
    "default": {
        "pykwalify": {
            "file": "https://github.com/hannanabdul55/pykwalify/archive/master.zip"
        },
        "zoltpy": {
            "editable": true,
            "git": "https://github.com/Serena-Wang/zoltpy"
        }
    },
    "develop": {}
}
